
Microsoft Visual Studio Solution File, Format Version 12.00
# Visual Studio 15
VisualStudioVersion = 15.0.28307.168
MinimumVisualStudioVersion = 10.0.40219.1
Project("{FAE04EC0-301F-11D3-BF4B-00C04F79EFBC}") = "mvc_test_course", "mvc_test_course\mvc_test_course.csproj", "{82DAA797-87E9-4536-9EB4-A10F3207FAD6}"
EndProject
Project("{FAE04EC0-301F-11D3-BF4B-00C04F79EFBC}") = "mvc_test_course.Tests", "mvc_test_course.Tests\mvc_test_course.Tests.csproj", "{7372FD7E-BF18-413A-8E44-90D7E62503D3}"
EndProject
Global
	GlobalSection(SolutionConfigurationPlatforms) = preSolution
		Debug|Any CPU = Debug|Any CPU
		Release|Any CPU = Release|Any CPU
	EndGlobalSection
	GlobalSection(ProjectConfigurationPlatforms) = postSolution
		{82DAA797-87E9-4536-9EB4-A10F3207FAD6}.Debug|Any CPU.ActiveCfg = Debug|Any CPU
		{82DAA797-87E9-4536-9EB4-A10F3207FAD6}.Debug|Any CPU.Build.0 = Debug|Any CPU
		{82DAA797-87E9-4536-9EB4-A10F3207FAD6}.Release|Any CPU.ActiveCfg = Release|Any CPU
		{82DAA797-87E9-4536-9EB4-A10F3207FAD6}.Release|Any CPU.Build.0 = Release|Any CPU
		{7372FD7E-BF18-413A-8E44-90D7E62503D3}.Debug|Any CPU.ActiveCfg = Debug|Any CPU
		{7372FD7E-BF18-413A-8E44-90D7E62503D3}.Debug|Any CPU.Build.0 = Debug|Any CPU
		{7372FD7E-BF18-413A-8E44-90D7E62503D3}.Release|Any CPU.ActiveCfg = Release|Any CPU
		{7372FD7E-BF18-413A-8E44-90D7E62503D3}.Release|Any CPU.Build.0 = Release|Any CPU
	EndGlobalSection
	GlobalSection(SolutionProperties) = preSolution
		HideSolutionNode = FALSE
	EndGlobalSection
	GlobalSection(ExtensibilityGlobals) = postSolution
		SolutionGuid = {C3BFEAA5-736A-4758-A80C-9F9217C78C8C}
	EndGlobalSection
EndGlobal
